PODS:
  - IHKeyboardAvoiding (4.2)

DEPENDENCIES:
  - IHKeyboardAvoiding

SPEC REPOS:
  https://github.com/cocoapods/specs.git:
    - IHKeyboardAvoiding

SPEC CHECKSUMS:
  IHKeyboardAvoiding: 9fbf816b7c3c84911964802ff110d12caf40ebef

PODFILE CHECKSUM: feef9e47de03a968d118a29e2c2bebe86797bb70

COCOAPODS: 1.5.3
